{
  "nodes": {
    "nix-flatpak": {
      "locked": {
        "lastModified": 1730108712,
        "narHash": "sha256-vIvmXmjAQIY39hACGFe/cdBK2r3ZprpHLwX2HIy7Mj8=",
        "owner": "gmodena",
        "repo": "nix-flatpak",
        "rev": "1cba177bb0a948c919af7596e40bef307543d40a",
        "type": "github"
      },
      "original": {
        "owner": "gmodena",
        "repo": "nix-flatpak",
        "type": "github"
      }
    },
    "nixpkgs": {
      "locked": {
        "lastModified": 1730785428,
        "narHash": "sha256-Zwl8YgTVJTEum+L+0zVAWvXAGbWAuXHax3KzuejaDyo=",
        "owner": "nixos",
        "repo": "nixpkgs",
        "rev": "4aa36568d413aca0ea84a1684d2d46f55dbabad7",
        "type": "github"
      },
      "original": {
        "owner": "nixos",
        "ref": "nixos-unstable",
        "repo": "nixpkgs",
        "type": "github"
      }
    },
    "root": {
      "inputs": {
        "nix-flatpak": "nix-flatpak",
        "nixpkgs": "nixpkgs"
      }
    }
  },
  "root": "root",
  "version": 7
}
