{
  "nodes": {
    "nix-flatpak": {
      "locked": {
        "lastModified": 1732867134,
        "narHash": "sha256-YGtFJ/4SE37evvHX+OkS2klRdHlO7HvovaaxR/yWuWg=",
        "owner": "gmodena",
        "repo": "nix-flatpak",
        "rev": "01ca2cbd9fb5c29d73fac327f5a9a2a1a222e218",
        "type": "github"
      },
      "original": {
        "owner": "gmodena",
        "repo": "nix-flatpak",
        "type": "github"
      }
    },
    "nix-ld": {
      "inputs": {
        "nixpkgs": [
          "nixpkgs"
        ]
      },
      "locked": {
        "lastModified": 1728031945,
        "narHash": "sha256-NRkLjdMtVfC6dD1gEbYZWFEtbmC2xfD6ft1IP7l76Vw=",
        "owner": "Mic92",
        "repo": "nix-ld",
        "rev": "4524c512e8729ccb5a1b9239d01e1474cbf074a2",
        "type": "github"
      },
      "original": {
        "owner": "Mic92",
        "repo": "nix-ld",
        "type": "github"
      }
    },
    "nixpkgs": {
      "locked": {
        "lastModified": 1732837521,
        "narHash": "sha256-jNRNr49UiuIwaarqijgdTR2qLPifxsVhlJrKzQ8XUIE=",
        "owner": "nixos",
        "repo": "nixpkgs",
        "rev": "970e93b9f82e2a0f3675757eb0bfc73297cc6370",
        "type": "github"
      },
      "original": {
        "owner": "nixos",
        "ref": "nixos-unstable",
        "repo": "nixpkgs",
        "type": "github"
      }
    },
    "root": {
      "inputs": {
        "nix-flatpak": "nix-flatpak",
        "nix-ld": "nix-ld",
        "nixpkgs": "nixpkgs"
      }
    }
  },
  "root": "root",
  "version": 7
}
