{
  "nodes": {
    "nix-flatpak": {
      "locked": {
        "lastModified": 1731698554,
        "narHash": "sha256-5kTDLWpsMaKSEnekip2rUBfzuHNS9Fafp5Y7n4Y7hr8=",
        "owner": "gmodena",
        "repo": "nix-flatpak",
        "rev": "8db1648a95446d41e97ace7caf54e172669810ff",
        "type": "github"
      },
      "original": {
        "owner": "gmodena",
        "repo": "nix-flatpak",
        "type": "github"
      }
    },
    "nixpkgs": {
      "locked": {
        "lastModified": 1731676054,
        "narHash": "sha256-OZiZ3m8SCMfh3B6bfGC/Bm4x3qc1m2SVEAlkV6iY7Yg=",
        "owner": "nixos",
        "repo": "nixpkgs",
        "rev": "5e4fbfb6b3de1aa2872b76d49fafc942626e2add",
        "type": "github"
      },
      "original": {
        "owner": "nixos",
        "ref": "nixos-unstable",
        "repo": "nixpkgs",
        "type": "github"
      }
    },
    "root": {
      "inputs": {
        "nix-flatpak": "nix-flatpak",
        "nixpkgs": "nixpkgs"
      }
    }
  },
  "root": "root",
  "version": 7
}
